
Microsoft Visual Studio Solution File, Format Version 12.00
# Visual Studio Version 17
VisualStudioVersion = 17.5.33530.505
MinimumVisualStudioVersion = 10.0.40219.1
Project("{FAE04EC0-301F-11D3-BF4B-00C04F79EFBC}") = "Salary Genarating Software", "Salary Genarating Software\Salary Genarating Software.csproj", "{36F69ADC-3BB6-4C32-854D-2529F907CE92}"
EndProject
Global
	GlobalSection(SolutionConfigurationPlatforms) = preSolution
		Debug|Any CPU = Debug|Any CPU
		Release|Any CPU = Release|Any CPU
	EndGlobalSection
	GlobalSection(ProjectConfigurationPlatforms) = postSolution
		{36F69ADC-3BB6-4C32-854D-2529F907CE92}.Debug|Any CPU.ActiveCfg = Debug|Any CPU
		{36F69ADC-3BB6-4C32-854D-2529F907CE92}.Debug|Any CPU.Build.0 = Debug|Any CPU
		{36F69ADC-3BB6-4C32-854D-2529F907CE92}.Release|Any CPU.ActiveCfg = Release|Any CPU
		{36F69ADC-3BB6-4C32-854D-2529F907CE92}.Release|Any CPU.Build.0 = Release|Any CPU
	EndGlobalSection
	GlobalSection(SolutionProperties) = preSolution
		HideSolutionNode = FALSE
	EndGlobalSection
	GlobalSection(ExtensibilityGlobals) = postSolution
		SolutionGuid = {79FA94CD-5AC6-499A-A9C3-E98AF65F129C}
	EndGlobalSection
EndGlobal
